
Microsoft Visual Studio Solution File, Format Version 12.00
# Visual Studio Version 16
VisualStudioVersion = 16.0.30907.101
MinimumVisualStudioVersion = 10.0.40219.1
Project("{FAE04EC0-301F-11D3-BF4B-00C04F79EFBC}") = "SMEPMLBack.Core", "SMEPMLBack.Core\SMEPMLBack.Core.csproj", "{18B67C8F-22D8-41B3-B662-CBDC0C3C2A84}"
EndProject
Global
	GlobalSection(SolutionConfigurationPlatforms) = preSolution
		Debug|Any CPU = Debug|Any CPU
		Release|Any CPU = Release|Any CPU
	EndGlobalSection
	GlobalSection(ProjectConfigurationPlatforms) = postSolution
		{18B67C8F-22D8-41B3-B662-CBDC0C3C2A84}.Debug|Any CPU.ActiveCfg = Debug|Any CPU
		{18B67C8F-22D8-41B3-B662-CBDC0C3C2A84}.Debug|Any CPU.Build.0 = Debug|Any CPU
		{18B67C8F-22D8-41B3-B662-CBDC0C3C2A84}.Release|Any CPU.ActiveCfg = Release|Any CPU
		{18B67C8F-22D8-41B3-B662-CBDC0C3C2A84}.Release|Any CPU.Build.0 = Release|Any CPU
	EndGlobalSection
	GlobalSection(SolutionProperties) = preSolution
		HideSolutionNode = FALSE
	EndGlobalSection
	GlobalSection(ExtensibilityGlobals) = postSolution
		SolutionGuid = {A16DC8B6-AB76-47A5-967A-9A80A18912DC}
	EndGlobalSection
EndGlobal
